
Microsoft Visual Studio Solution File, Format Version 12.00
# Visual Studio Version 16
VisualStudioVersion = 16.0.29215.179
MinimumVisualStudioVersion = 10.0.40219.1
Project("{FAE04EC0-301F-11D3-BF4B-00C04F79EFBC}") = "Lab 4 Test Generator", "Lab 4 Test Generator\Lab 4 Test Generator.csproj", "{D587EB20-79E8-47A0-9E66-7B86EB08D659}"
EndProject
Project("{FAE04EC0-301F-11D3-BF4B-00C04F79EFBC}") = "TestGeneratorLib", "TestGeneratorLib\TestGeneratorLib.csproj", "{89CF5C11-FC8E-4D29-BF27-5B528B4A2093}"
EndProject
Global
	GlobalSection(SolutionConfigurationPlatforms) = preSolution
		Debug|Any CPU = Debug|Any CPU
		Debug|x64 = Debug|x64
		Debug|x86 = Debug|x86
		Release|Any CPU = Release|Any CPU
		Release|x64 = Release|x64
		Release|x86 = Release|x86
	EndGlobalSection
	GlobalSection(ProjectConfigurationPlatforms) = postSolution
		{D587EB20-79E8-47A0-9E66-7B86EB08D659}.Debug|Any CPU.ActiveCfg = Debug|Any CPU
		{D587EB20-79E8-47A0-9E66-7B86EB08D659}.Debug|Any CPU.Build.0 = Debug|Any CPU
		{D587EB20-79E8-47A0-9E66-7B86EB08D659}.Debug|x64.ActiveCfg = Debug|Any CPU
		{D587EB20-79E8-47A0-9E66-7B86EB08D659}.Debug|x64.Build.0 = Debug|Any CPU
		{D587EB20-79E8-47A0-9E66-7B86EB08D659}.Debug|x86.ActiveCfg = Debug|Any CPU
		{D587EB20-79E8-47A0-9E66-7B86EB08D659}.Debug|x86.Build.0 = Debug|Any CPU
		{D587EB20-79E8-47A0-9E66-7B86EB08D659}.Release|Any CPU.ActiveCfg = Release|Any CPU
		{D587EB20-79E8-47A0-9E66-7B86EB08D659}.Release|Any CPU.Build.0 = Release|Any CPU
		{D587EB20-79E8-47A0-9E66-7B86EB08D659}.Release|x64.ActiveCfg = Release|Any CPU
		{D587EB20-79E8-47A0-9E66-7B86EB08D659}.Release|x64.Build.0 = Release|Any CPU
		{D587EB20-79E8-47A0-9E66-7B86EB08D659}.Release|x86.ActiveCfg = Release|Any CPU
		{D587EB20-79E8-47A0-9E66-7B86EB08D659}.Release|x86.Build.0 = Release|Any CPU
		{89CF5C11-FC8E-4D29-BF27-5B528B4A2093}.Debug|Any CPU.ActiveCfg = Debug|Any CPU
		{89CF5C11-FC8E-4D29-BF27-5B528B4A2093}.Debug|Any CPU.Build.0 = Debug|Any CPU
		{89CF5C11-FC8E-4D29-BF27-5B528B4A2093}.Debug|x64.ActiveCfg = Debug|Any CPU
		{89CF5C11-FC8E-4D29-BF27-5B528B4A2093}.Debug|x64.Build.0 = Debug|Any CPU
		{89CF5C11-FC8E-4D29-BF27-5B528B4A2093}.Debug|x86.ActiveCfg = Debug|Any CPU
		{89CF5C11-FC8E-4D29-BF27-5B528B4A2093}.Debug|x86.Build.0 = Debug|Any CPU
		{89CF5C11-FC8E-4D29-BF27-5B528B4A2093}.Release|Any CPU.ActiveCfg = Release|Any CPU
		{89CF5C11-FC8E-4D29-BF27-5B528B4A2093}.Release|Any CPU.Build.0 = Release|Any CPU
		{89CF5C11-FC8E-4D29-BF27-5B528B4A2093}.Release|x64.ActiveCfg = Release|Any CPU
		{89CF5C11-FC8E-4D29-BF27-5B528B4A2093}.Release|x64.Build.0 = Release|Any CPU
		{89CF5C11-FC8E-4D29-BF27-5B528B4A2093}.Release|x86.ActiveCfg = Release|Any CPU
		{89CF5C11-FC8E-4D29-BF27-5B528B4A2093}.Release|x86.Build.0 = Release|Any CPU
	EndGlobalSection
	GlobalSection(SolutionProperties) = preSolution
		HideSolutionNode = FALSE
	EndGlobalSection
	GlobalSection(ExtensibilityGlobals) = postSolution
		SolutionGuid = {CE2C69BD-9B66-4E70-8794-4E0406384B3A}
	EndGlobalSection
EndGlobal
